version = 1
revision = 1
requires-python = "==3.10.*"

[[package]]
name = "certifi"
version = "2022.12.7"
source = { registry = "https://download.pytorch.org/whl/cu121" }
wheels = [
    { url = "https://download.pytorch.org/whl/certifi-2022.12.7-py3-none-any.whl", hash = "sha256:4ad3232f5e926d6718ec31cfc1fcadfde020920e278684144551c91769c7bc18" },
]

[[package]]
name = "charset-normalizer"
version = "2.1.1"
source = { registry = "https://download.pytorch.org/whl/cu121" }
wheels = [
    { url = "https://download.pytorch.org/whl/charset_normalizer-2.1.1-py3-none-any.whl", hash = "sha256:83e9a75d1911279afd89352c68b45348559d1fc0506b054b346651b5e7fee29f" },
]

[[package]]
name = "colorama"
version = "0.4.6"
source = { registry = "https://download.pytorch.org/whl/cu121" }
wheels = [
    { url = "https://download.pytorch.org/whl/colorama-0.4.6-py2.py3-none-any.whl", hash = "sha256:4f1d9991f5acc0ca119f9d443620b77f9d6b33703e51011c16baf57afb285fc6" },
]

[[package]]
name = "filelock"
version = "3.13.1"
source = { registry = "https://download.pytorch.org/whl/cu121" }
wheels = [
    { url = "https://download.pytorch.org/whl/filelock-3.13.1-py3-none-any.whl", hash = "sha256:57dbda9b35157b05fb3e58ee91448612eb674172fab98ee235ccb0b5bee19a1c" },
]

[[package]]
name = "fsspec"
version = "2024.6.1"
source = { registry = "https://download.pytorch.org/whl/cu121" }
wheels = [
    { url = "https://download.pytorch.org/whl/fsspec-2024.6.1-py3-none-any.whl", hash = "sha256:3cb443f8bcd2efb31295a5b9fdb02aee81d8452c80d28f97a6d0959e6cee101e" },
]

[[package]]
name = "huggingface-hub"
version = "0.29.3"
source = { registry = "https://pypi.org/simple" }
dependencies = [
    { name = "filelock" },
    { name = "fsspec" },
    { name = "packaging" },
    { name = "pyyaml" },
    { name = "requests" },
    { name = "tqdm" },
    { name = "typing-extensions" },
]
sdist = { url = "https://files.pythonhosted.org/packages/e5/f9/851f34b02970e8143d41d4001b2d49e54ef113f273902103823b8bc95ada/huggingface_hub-0.29.3.tar.gz", hash = "sha256:64519a25716e0ba382ba2d3fb3ca082e7c7eb4a2fc634d200e8380006e0760e5", size = 390123 }
wheels = [
    { url = "https://files.pythonhosted.org/packages/40/0c/37d380846a2e5c9a3c6a73d26ffbcfdcad5fc3eacf42fdf7cff56f2af634/huggingface_hub-0.29.3-py3-none-any.whl", hash = "sha256:0b25710932ac649c08cdbefa6c6ccb8e88eef82927cacdb048efb726429453aa", size = 468997 },
]

[[package]]
name = "idna"
version = "3.4"
source = { registry = "https://download.pytorch.org/whl/cu121" }
wheels = [
    { url = "https://download.pytorch.org/whl/idna-3.4-py3-none-any.whl", hash = "sha256:90b77e79eaa3eba6de819a0c442c0b4ceefc341a7a2ab77d7562bf49f425c5c2" },
]

[[package]]
name = "jinja2"
version = "3.1.4"
source = { registry = "https://download.pytorch.org/whl/cu121" }
dependencies = [
    { name = "markupsafe" },
]
wheels = [
    { url = "https://download.pytorch.org/whl/Jinja2-3.1.4-py3-none-any.whl", hash = "sha256:bc5dd2abb727a5319567b7a813e6a2e7318c39f4f487cfe6c89c6f9c7d25197d" },
]

[[package]]
name = "joblib"
version = "1.4.2"
source = { registry = "https://pypi.org/simple" }
sdist = { url = "https://files.pythonhosted.org/packages/64/33/60135848598c076ce4b231e1b1895170f45fbcaeaa2c9d5e38b04db70c35/joblib-1.4.2.tar.gz", hash = "sha256:2382c5816b2636fbd20a09e0f4e9dad4736765fdfb7dca582943b9c1366b3f0e", size = 2116621 }
wheels = [
    { url = "https://files.pythonhosted.org/packages/91/29/df4b9b42f2be0b623cbd5e2140cafcaa2bef0759a00b7b70104dcfe2fb51/joblib-1.4.2-py3-none-any.whl", hash = "sha256:06d478d5674cbc267e7496a410ee875abd68e4340feff4490bcb7afb88060ae6", size = 301817 },
]

[[package]]
name = "kagglehub"
version = "0.3.10"
source = { registry = "https://pypi.org/simple" }
dependencies = [
    { name = "packaging" },
    { name = "pyyaml" },
    { name = "requests" },
    { name = "tqdm" },
]
sdist = { url = "https://files.pythonhosted.org/packages/c0/b6/598259f1b5af7d0ad31f479080da4e8c533c189eb0cf072cb70ab8d75869/kagglehub-0.3.10.tar.gz", hash = "sha256:7df4238eea20817bce13bfacbe79ff4c0a583a9e876bfaf16d7ad6179611fb7c", size = 106415 }
wheels = [
    { url = "https://files.pythonhosted.org/packages/41/f5/d1fb003b997cccda7e7567e9768ab1ad5f4be014875773299c67c62b3b96/kagglehub-0.3.10-py3-none-any.whl", hash = "sha256:82a204e77919da54021038971ed735450c91ea479c5c003d140a22503bc20981", size = 63039 },
]

[[package]]
name = "markupsafe"
version = "2.1.5"
source = { registry = "https://download.pytorch.org/whl/cu121" }
sdist = { url = "https://download.pytorch.org/whl/MarkupSafe-2.1.5.tar.gz", hash = "sha256:d283d37a890ba4c1ae73ffadf8046435c76e7bc2247bbb63c00bd1a709c6544b" }
wheels = [
    { url = "https://download.pytorch.org/whl/MarkupSafe-2.1.5-cp310-cp310-macosx_10_9_universal2.whl", hash = "sha256:a17a92de5231666cfbe003f0e4b9b3a7ae3afb1ec2845aadc2bacc93ff85febc" },
    { url = "https://download.pytorch.org/whl/MarkupSafe-2.1.5-cp310-cp310-macosx_10_9_x86_64.whl", hash = "sha256:72b6be590cc35924b02c78ef34b467da4ba07e4e0f0454a2c5907f473fc50ce5" },
    { url = "https://download.pytorch.org/whl/MarkupSafe-2.1.5-cp310-cp310-manylinux_2_17_aarch64.manylinux2014_aarch64.whl", hash = "sha256:e61659ba32cf2cf1481e575d0462554625196a1f2fc06a1c777d3f48e8865d46" },
    { url = "https://download.pytorch.org/whl/MarkupSafe-2.1.5-cp310-cp310-manylinux_2_17_x86_64.manylinux2014_x86_64.whl", hash = "sha256:2174c595a0d73a3080ca3257b40096db99799265e1c27cc5a610743acd86d62f" },
    { url = "https://download.pytorch.org/whl/MarkupSafe-2.1.5-cp310-cp310-manylinux_2_5_i686.manylinux1_i686.manylinux_2_17_i686.manylinux2014_i686.whl", hash = "sha256:ae2ad8ae6ebee9d2d94b17fb62763125f3f374c25618198f40cbb8b525411900" },
    { url = "https://download.pytorch.org/whl/MarkupSafe-2.1.5-cp310-cp310-win_amd64.whl", hash = "sha256:bf50cd79a75d181c9181df03572cdce0fbb75cc353bc350712073108cba98de5" },
]

[[package]]
name = "modern-bert"
version = "0.1.0"
source = { virtual = "." }
dependencies = [
    { name = "huggingface-hub" },
    { name = "kagglehub" },
    { name = "sentence-transformers" },
    { name = "sentencepiece" },
    { name = "transformers" },
]

[package.metadata]
requires-dist = [
    { name = "huggingface-hub", specifier = ">=0.29.3" },
    { name = "kagglehub", specifier = ">=0.3.10" },
    { name = "sentence-transformers", specifier = ">=3.4.1" },
    { name = "sentencepiece", specifier = ">=0.2.0" },
    { name = "transformers", specifier = ">=4.49.0" },
]

[[package]]
name = "mpmath"
version = "1.3.0"
source = { registry = "https://download.pytorch.org/whl/cu121" }
wheels = [
    { url = "https://download.pytorch.org/whl/mpmath-1.3.0-py3-none-any.whl", hash = "sha256:a0b2b9fe80bbcd81a6647ff13108738cfb482d481d826cc0e02f5b35e5c88d2c" },
]

[[package]]
name = "networkx"
version = "3.3"
source = { registry = "https://download.pytorch.org/whl/cu121" }
wheels = [
    { url = "https://download.pytorch.org/whl/networkx-3.3-py3-none-any.whl", hash = "sha256:28575580c6ebdaf4505b22c6256a2b9de86b316dc63ba9e93abde3d78dfdbcf2" },
]

[[package]]
name = "numpy"
version = "2.1.2"
source = { registry = "https://download.pytorch.org/whl/cu121" }
wheels = [
    { url = "https://download.pytorch.org/whl/numpy-2.1.2-cp310-cp310-macosx_10_9_x86_64.whl", hash = "sha256:30d53720b726ec36a7f88dc873f0eec8447fbc93d93a8f079dfac2629598d6ee" },
    { url = "https://download.pytorch.org/whl/numpy-2.1.2-cp310-cp310-macosx_11_0_arm64.whl", hash = "sha256:e8d3ca0a72dd8846eb6f7dfe8f19088060fcb76931ed592d29128e0219652884" },
    { url = "https://download.pytorch.org/whl/numpy-2.1.2-cp310-cp310-macosx_14_0_arm64.whl", hash = "sha256:fc44e3c68ff00fd991b59092a54350e6e4911152682b4782f68070985aa9e648" },
    { url = "https://download.pytorch.org/whl/numpy-2.1.2-cp310-cp310-macosx_14_0_x86_64.whl", hash = "sha256:7c1c60328bd964b53f8b835df69ae8198659e2b9302ff9ebb7de4e5a5994db3d" },
    { url = "https://download.pytorch.org/whl/numpy-2.1.2-cp310-cp310-manylinux_2_17_aarch64.manylinux2014_aarch64.whl", hash = "sha256:6cdb606a7478f9ad91c6283e238544451e3a95f30fb5467fbf715964341a8a86" },
    { url = "https://download.pytorch.org/whl/numpy-2.1.2-cp310-cp310-manylinux_2_17_x86_64.manylinux2014_x86_64.whl", hash = "sha256:d666cb72687559689e9906197e3bec7b736764df6a2e58ee265e360663e9baf7" },
    { url = "https://download.pytorch.org/whl/numpy-2.1.2-cp310-cp310-win_amd64.whl", hash = "sha256:860ec6e63e2c5c2ee5e9121808145c7bf86c96cca9ad396c0bd3e0f2798ccbe2" },
]

[[package]]
name = "nvidia-cublas-cu12"
version = "12.1.3.1"
source = { registry = "https://download.pytorch.org/whl/cu121" }
wheels = [
    { url = "https://download.pytorch.org/whl/cu121/nvidia_cublas_cu12-12.1.3.1-py3-none-manylinux1_x86_64.whl", hash = "sha256:ee53ccca76a6fc08fb9701aa95b6ceb242cdaab118c3bb152af4e579af792728" },
]

[[package]]
name = "nvidia-cuda-cupti-cu12"
version = "12.1.105"
source = { registry = "https://download.pytorch.org/whl/cu121" }
wheels = [
    { url = "https://download.pytorch.org/whl/cu121/nvidia_cuda_cupti_cu12-12.1.105-py3-none-manylinux1_x86_64.whl", hash = "sha256:e54fde3983165c624cb79254ae9818a456eb6e87a7fd4d56a2352c24ee542d7e" },
]

[[package]]
name = "nvidia-cuda-nvrtc-cu12"
version = "12.1.105"
source = { registry = "https://download.pytorch.org/whl/cu121" }
wheels = [
    { url = "https://download.pytorch.org/whl/cu121/nvidia_cuda_nvrtc_cu12-12.1.105-py3-none-manylinux1_x86_64.whl", hash = "sha256:339b385f50c309763ca65456ec75e17bbefcbbf2893f462cb8b90584cd27a1c2" },
]

[[package]]
name = "nvidia-cuda-runtime-cu12"
version = "12.1.105"
source = { registry = "https://download.pytorch.org/whl/cu121" }
wheels = [
    { url = "https://download.pytorch.org/whl/cu121/nvidia_cuda_runtime_cu12-12.1.105-py3-none-manylinux1_x86_64.whl", hash = "sha256:6e258468ddf5796e25f1dc591a31029fa317d97a0a94ed93468fc86301d61e40" },
]

[[package]]
name = "nvidia-cudnn-cu12"
version = "9.1.0.70"
source = { registry = "https://download.pytorch.org/whl/cu121" }
dependencies = [
    { name = "nvidia-cublas-cu12" },
]
wheels = [
    { url = "https://download.pytorch.org/whl/cu121/nvidia_cudnn_cu12-9.1.0.70-py3-none-manylinux2014_x86_64.whl", hash = "sha256:165764f44ef8c61fcdfdfdbe769d687e06374059fbb388b6c89ecb0e28793a6f" },
]

[[package]]
name = "nvidia-cufft-cu12"
version = "11.0.2.54"
source = { registry = "https://download.pytorch.org/whl/cu121" }
wheels = [
    { url = "https://download.pytorch.org/whl/cu121/nvidia_cufft_cu12-11.0.2.54-py3-none-manylinux1_x86_64.whl", hash = "sha256:794e3948a1aa71fd817c3775866943936774d1c14e7628c74f6f7417224cdf56" },
]

[[package]]
name = "nvidia-curand-cu12"
version = "10.3.2.106"
source = { registry = "https://download.pytorch.org/whl/cu121" }
wheels = [
    { url = "https://download.pytorch.org/whl/cu121/nvidia_curand_cu12-10.3.2.106-py3-none-manylinux1_x86_64.whl", hash = "sha256:9d264c5036dde4e64f1de8c50ae753237c12e0b1348738169cd0f8a536c0e1e0" },
]

[[package]]
name = "nvidia-cusolver-cu12"
version = "11.4.5.107"
source = { registry = "https://download.pytorch.org/whl/cu121" }
dependencies = [
    { name = "nvidia-cublas-cu12" },
    { name = "nvidia-cusparse-cu12" },
    { name = "nvidia-nvjitlink-cu12" },
]
wheels = [
    { url = "https://download.pytorch.org/whl/cu121/nvidia_cusolver_cu12-11.4.5.107-py3-none-manylinux1_x86_64.whl", hash = "sha256:8a7ec542f0412294b15072fa7dab71d31334014a69f953004ea7a118206fe0dd" },
]

[[package]]
name = "nvidia-cusparse-cu12"
version = "12.1.0.106"
source = { registry = "https://download.pytorch.org/whl/cu121" }
dependencies = [
    { name = "nvidia-nvjitlink-cu12" },
]
wheels = [
    { url = "https://download.pytorch.org/whl/cu121/nvidia_cusparse_cu12-12.1.0.106-py3-none-manylinux1_x86_64.whl", hash = "sha256:f3b50f42cf363f86ab21f720998517a659a48131e8d538dc02f8768237bd884c" },
]

[[package]]
name = "nvidia-nccl-cu12"
version = "2.21.5"
source = { registry = "https://download.pytorch.org/whl/cu121" }
wheels = [
    { url = "https://download.pytorch.org/whl/cu121/nvidia_nccl_cu12-2.21.5-py3-none-manylinux2014_x86_64.whl", hash = "sha256:8579076d30a8c24988834445f8d633c697d42397e92ffc3f63fa26766d25e0a0" },
    { url = "https://download.pytorch.org/whl/nvidia_nccl_cu12-2.21.5-py3-none-manylinux2014_x86_64.whl", hash = "sha256:8579076d30a8c24988834445f8d633c697d42397e92ffc3f63fa26766d25e0a0" },
]

[[package]]
name = "nvidia-nvjitlink-cu12"
version = "12.1.105"
source = { registry = "https://download.pytorch.org/whl/cu121" }
wheels = [
    { url = "https://download.pytorch.org/whl/cu121/nvidia_nvjitlink_cu12-12.1.105-py3-none-manylinux1_x86_64.whl", hash = "sha256:015fed699b390ce3b8a8578d822d501a4194d0a341d3859554067c1ab291cb85" },
]

[[package]]
name = "nvidia-nvtx-cu12"
version = "12.1.105"
source = { registry = "https://download.pytorch.org/whl/cu121" }
wheels = [
    { url = "https://download.pytorch.org/whl/cu121/nvidia_nvtx_cu12-12.1.105-py3-none-manylinux1_x86_64.whl", hash = "sha256:dc21cf308ca5691e7c04d962e213f8a4aa9bbfa23d95412f452254c2caeb09e5" },
]

[[package]]
name = "packaging"
version = "24.1"
source = { registry = "https://download.pytorch.org/whl/cu121" }
wheels = [
    { url = "https://download.pytorch.org/whl/packaging-24.1-py3-none-any.whl", hash = "sha256:5b8f2217dbdbd2f7f384c41c628544e6d52f2d0f53c6d0c3ea61aa5d1d7ff124" },
]

[[package]]
name = "pillow"
version = "11.0.0"
source = { registry = "https://download.pytorch.org/whl/cu121" }
wheels = [
    { url = "https://download.pytorch.org/whl/pillow-11.0.0-cp310-cp310-macosx_10_10_x86_64.whl", hash = "sha256:6619654954dc4936fcff82db8eb6401d3159ec6be81e33c6000dfd76ae189947" },
    { url = "https://download.pytorch.org/whl/pillow-11.0.0-cp310-cp310-macosx_11_0_arm64.whl", hash = "sha256:b3c5ac4bed7519088103d9450a1107f76308ecf91d6dabc8a33a2fcfb18d0fba" },
    { url = "https://download.pytorch.org/whl/pillow-11.0.0-cp310-cp310-manylinux_2_17_aarch64.manylinux2014_aarch64.whl", hash = "sha256:a65149d8ada1055029fcb665452b2814fe7d7082fcb0c5bed6db851cb69b2086" },
    { url = "https://download.pytorch.org/whl/pillow-11.0.0-cp310-cp310-manylinux_2_17_x86_64.manylinux2014_x86_64.whl", hash = "sha256:88a58d8ac0cc0e7f3a014509f0455248a76629ca9b604eca7dc5927cc593c5e9" },
    { url = "https://download.pytorch.org/whl/pillow-11.0.0-cp310-cp310-manylinux_2_28_aarch64.whl", hash = "sha256:c26845094b1af3c91852745ae78e3ea47abf3dbcd1cf962f16b9a5fbe3ee8488" },
    { url = "https://download.pytorch.org/whl/pillow-11.0.0-cp310-cp310-manylinux_2_28_x86_64.whl", hash = "sha256:1a61b54f87ab5786b8479f81c4b11f4d61702830354520837f8cc791ebba0f5f" },
    { url = "https://download.pytorch.org/whl/pillow-11.0.0-cp310-cp310-win_amd64.whl", hash = "sha256:a5629742881bcbc1f42e840af185fd4d83a5edeb96475a575f4da50d6ede337c" },
    { url = "https://download.pytorch.org/whl/pillow-11.0.0-cp310-cp310-win_arm64.whl", hash = "sha256:ee217c198f2e41f184f3869f3e485557296d505b5195c513b2bfe0062dc537f1" },
]

[[package]]
name = "pyyaml"
version = "6.0.2"
source = { registry = "https://pypi.org/simple" }
sdist = { url = "https://files.pythonhosted.org/packages/54/ed/79a089b6be93607fa5cdaedf301d7dfb23af5f25c398d5ead2525b063e17/pyyaml-6.0.2.tar.gz", hash = "sha256:d584d9ec91ad65861cc08d42e834324ef890a082e591037abe114850ff7bbc3e", size = 130631 }
wheels = [
    { url = "https://files.pythonhosted.org/packages/9b/95/a3fac87cb7158e231b5a6012e438c647e1a87f09f8e0d123acec8ab8bf71/PyYAML-6.0.2-cp310-cp310-macosx_10_9_x86_64.whl", hash = "sha256:0a9a2848a5b7feac301353437eb7d5957887edbf81d56e903999a75a3d743086", size = 184199 },
    { url = "https://files.pythonhosted.org/packages/c7/7a/68bd47624dab8fd4afbfd3c48e3b79efe09098ae941de5b58abcbadff5cb/PyYAML-6.0.2-cp310-cp310-macosx_11_0_arm64.whl", hash = "sha256:29717114e51c84ddfba879543fb232a6ed60086602313ca38cce623c1d62cfbf", size = 171758 },
    { url = "https://files.pythonhosted.org/packages/49/ee/14c54df452143b9ee9f0f29074d7ca5516a36edb0b4cc40c3f280131656f/PyYAML-6.0.2-cp310-cp310-manylinux_2_17_aarch64.manylinux2014_aarch64.whl", hash = "sha256:8824b5a04a04a047e72eea5cec3bc266db09e35de6bdfe34c9436ac5ee27d237", size = 718463 },
    { url = "https://files.pythonhosted.org/packages/4d/61/de363a97476e766574650d742205be468921a7b532aa2499fcd886b62530/PyYAML-6.0.2-cp310-cp310-manylinux_2_17_s390x.manylinux2014_s390x.whl", hash = "sha256:7c36280e6fb8385e520936c3cb3b8042851904eba0e58d277dca80a5cfed590b", size = 719280 },
    { url = "https://files.pythonhosted.org/packages/6b/4e/1523cb902fd98355e2e9ea5e5eb237cbc5f3ad5f3075fa65087aa0ecb669/PyYAML-6.0.2-cp310-cp310-manylinux_2_17_x86_64.manylinux2014_x86_64.whl", hash = "sha256:ec031d5d2feb36d1d1a24380e4db6d43695f3748343d99434e6f5f9156aaa2ed", size = 751239 },
    { url = "https://files.pythonhosted.org/packages/b7/33/5504b3a9a4464893c32f118a9cc045190a91637b119a9c881da1cf6b7a72/PyYAML-6.0.2-cp310-cp310-musllinux_1_1_aarch64.whl", hash = "sha256:936d68689298c36b53b29f23c6dbb74de12b4ac12ca6cfe0e047bedceea56180", size = 695802 },
    { url = "https://files.pythonhosted.org/packages/5c/20/8347dcabd41ef3a3cdc4f7b7a2aff3d06598c8779faa189cdbf878b626a4/PyYAML-6.0.2-cp310-cp310-musllinux_1_1_x86_64.whl", hash = "sha256:23502f431948090f597378482b4812b0caae32c22213aecf3b55325e049a6c68", size = 720527 },
    { url = "https://files.pythonhosted.org/packages/be/aa/5afe99233fb360d0ff37377145a949ae258aaab831bde4792b32650a4378/PyYAML-6.0.2-cp310-cp310-win32.whl", hash = "sha256:2e99c6826ffa974fe6e27cdb5ed0021786b03fc98e5ee3c5bfe1fd5015f42b99", size = 144052 },
    { url = "https://files.pythonhosted.org/packages/b5/84/0fa4b06f6d6c958d207620fc60005e241ecedceee58931bb20138e1e5776/PyYAML-6.0.2-cp310-cp310-win_amd64.whl", hash = "sha256:a4d3091415f010369ae4ed1fc6b79def9416358877534caf6a0fdd2146c87a3e", size = 161774 },
]

[[package]]
name = "regex"
version = "2024.11.6"
source = { registry = "https://pypi.org/simple" }
sdist = { url = "https://files.pythonhosted.org/packages/8e/5f/bd69653fbfb76cf8604468d3b4ec4c403197144c7bfe0e6a5fc9e02a07cb/regex-2024.11.6.tar.gz", hash = "sha256:7ab159b063c52a0333c884e4679f8d7a85112ee3078fe3d9004b2dd875585519", size = 399494 }
wheels = [
    { url = "https://files.pythonhosted.org/packages/95/3c/4651f6b130c6842a8f3df82461a8950f923925db8b6961063e82744bddcc/regex-2024.11.6-cp310-cp310-macosx_10_9_universal2.whl", hash = "sha256:ff590880083d60acc0433f9c3f713c51f7ac6ebb9adf889c79a261ecf541aa91", size = 482674 },
    { url = "https://files.pythonhosted.org/packages/15/51/9f35d12da8434b489c7b7bffc205c474a0a9432a889457026e9bc06a297a/regex-2024.11.6-cp310-cp310-macosx_10_9_x86_64.whl", hash = "sha256:658f90550f38270639e83ce492f27d2c8d2cd63805c65a13a14d36ca126753f0", size = 287684 },
    { url = "https://files.pythonhosted.org/packages/bd/18/b731f5510d1b8fb63c6b6d3484bfa9a59b84cc578ac8b5172970e05ae07c/regex-2024.11.6-cp310-cp310-macosx_11_0_arm64.whl", hash = "sha256:164d8b7b3b4bcb2068b97428060b2a53be050085ef94eca7f240e7947f1b080e", size = 284589 },
    { url = "https://files.pythonhosted.org/packages/78/a2/6dd36e16341ab95e4c6073426561b9bfdeb1a9c9b63ab1b579c2e96cb105/regex-2024.11.6-cp310-cp310-manylinux_2_17_aarch64.manylinux2014_aarch64.whl", hash = "sha256:d3660c82f209655a06b587d55e723f0b813d3a7db2e32e5e7dc64ac2a9e86fde", size = 782511 },
    { url = "https://files.pythonhosted.org/packages/1b/2b/323e72d5d2fd8de0d9baa443e1ed70363ed7e7b2fb526f5950c5cb99c364/regex-2024.11.6-cp310-cp310-manylinux_2_17_ppc64le.manylinux2014_ppc64le.whl", hash = "sha256:d22326fcdef5e08c154280b71163ced384b428343ae16a5ab2b3354aed12436e", size = 821149 },
    { url = "https://files.pythonhosted.org/packages/90/30/63373b9ea468fbef8a907fd273e5c329b8c9535fee36fc8dba5fecac475d/regex-2024.11.6-cp310-cp310-manylinux_2_17_s390x.manylinux2014_s390x.whl", hash = "sha256:f1ac758ef6aebfc8943560194e9fd0fa18bcb34d89fd8bd2af18183afd8da3a2", size = 809707 },
    { url = "https://files.pythonhosted.org/packages/f2/98/26d3830875b53071f1f0ae6d547f1d98e964dd29ad35cbf94439120bb67a/regex-2024.11.6-cp310-cp310-manylinux_2_17_x86_64.manylinux2014_x86_64.whl", hash = "sha256:997d6a487ff00807ba810e0f8332c18b4eb8d29463cfb7c820dc4b6e7562d0cf", size = 781702 },
    { url = "https://files.pythonhosted.org/packages/87/55/eb2a068334274db86208ab9d5599ffa63631b9f0f67ed70ea7c82a69bbc8/regex-2024.11.6-cp310-cp310-manylinux_2_5_i686.manylinux1_i686.manylinux_2_17_i686.manylinux2014_i686.whl", hash = "sha256:02a02d2bb04fec86ad61f3ea7f49c015a0681bf76abb9857f945d26159d2968c", size = 771976 },
    { url = "https://files.pythonhosted.org/packages/74/c0/be707bcfe98254d8f9d2cff55d216e946f4ea48ad2fd8cf1428f8c5332ba/regex-2024.11.6-cp310-cp310-manylinux_2_5_x86_64.manylinux1_x86_64.manylinux_2_12_x86_64.manylinux2010_x86_64.whl", hash = "sha256:f02f93b92358ee3f78660e43b4b0091229260c5d5c408d17d60bf26b6c900e86", size = 697397 },
    { url = "https://files.pythonhosted.org/packages/49/dc/bb45572ceb49e0f6509f7596e4ba7031f6819ecb26bc7610979af5a77f45/regex-2024.11.6-cp310-cp310-musllinux_1_2_aarch64.whl", hash = "sha256:06eb1be98df10e81ebaded73fcd51989dcf534e3c753466e4b60c4697a003b67", size = 768726 },
    { url = "https://files.pythonhosted.org/packages/5a/db/f43fd75dc4c0c2d96d0881967897926942e935d700863666f3c844a72ce6/regex-2024.11.6-cp310-cp310-musllinux_1_2_i686.whl", hash = "sha256:040df6fe1a5504eb0f04f048e6d09cd7c7110fef851d7c567a6b6e09942feb7d", size = 775098 },
    { url = "https://files.pythonhosted.org/packages/99/d7/f94154db29ab5a89d69ff893159b19ada89e76b915c1293e98603d39838c/regex-2024.11.6-cp310-cp310-musllinux_1_2_ppc64le.whl", hash = "sha256:fdabbfc59f2c6edba2a6622c647b716e34e8e3867e0ab975412c5c2f79b82da2", size = 839325 },
    { url = "https://files.pythonhosted.org/packages/f7/17/3cbfab1f23356fbbf07708220ab438a7efa1e0f34195bf857433f79f1788/regex-2024.11.6-cp310-cp310-musllinux_1_2_s390x.whl", hash = "sha256:8447d2d39b5abe381419319f942de20b7ecd60ce86f16a23b0698f22e1b70008", size = 843277 },
    { url = "https://files.pythonhosted.org/packages/7e/f2/48b393b51900456155de3ad001900f94298965e1cad1c772b87f9cfea011/regex-2024.11.6-cp310-cp310-musllinux_1_2_x86_64.whl", hash = "sha256:da8f5fc57d1933de22a9e23eec290a0d8a5927a5370d24bda9a6abe50683fe62", size = 773197 },
    { url = "https://files.pythonhosted.org/packages/45/3f/ef9589aba93e084cd3f8471fded352826dcae8489b650d0b9b27bc5bba8a/regex-2024.11.6-cp310-cp310-win32.whl", hash = "sha256:b489578720afb782f6ccf2840920f3a32e31ba28a4b162e13900c3e6bd3f930e", size = 261714 },
    { url = "https://files.pythonhosted.org/packages/42/7e/5f1b92c8468290c465fd50c5318da64319133231415a8aa6ea5ab995a815/regex-2024.11.6-cp310-cp310-win_amd64.whl", hash = "sha256:5071b2093e793357c9d8b2929dfc13ac5f0a6c650559503bb81189d0a3814519", size = 274042 },
]

[[package]]
name = "requests"
version = "2.28.1"
source = { registry = "https://download.pytorch.org/whl/cu121" }
dependencies = [
    { name = "certifi" },
    { name = "charset-normalizer" },
    { name = "idna" },
    { name = "urllib3" },
]
wheels = [
    { url = "https://download.pytorch.org/whl/requests-2.28.1-py3-none-any.whl", hash = "sha256:8fefa2a1a1365bf5520aac41836fbee479da67864514bdb821f31ce07ce65349" },
]

[[package]]
name = "safetensors"
version = "0.5.3"
source = { registry = "https://pypi.org/simple" }
sdist = { url = "https://files.pythonhosted.org/packages/71/7e/2d5d6ee7b40c0682315367ec7475693d110f512922d582fef1bd4a63adc3/safetensors-0.5.3.tar.gz", hash = "sha256:b6b0d6ecacec39a4fdd99cc19f4576f5219ce858e6fd8dbe7609df0b8dc56965", size = 67210 }
wheels = [
    { url = "https://files.pythonhosted.org/packages/18/ae/88f6c49dbd0cc4da0e08610019a3c78a7d390879a919411a410a1876d03a/safetensors-0.5.3-cp38-abi3-macosx_10_12_x86_64.whl", hash = "sha256:bd20eb133db8ed15b40110b7c00c6df51655a2998132193de2f75f72d99c7073", size = 436917 },
    { url = "https://files.pythonhosted.org/packages/b8/3b/11f1b4a2f5d2ab7da34ecc062b0bc301f2be024d110a6466726bec8c055c/safetensors-0.5.3-cp38-abi3-macosx_11_0_arm64.whl", hash = "sha256:21d01c14ff6c415c485616b8b0bf961c46b3b343ca59110d38d744e577f9cce7", size = 418419 },
    { url = "https://files.pythonhosted.org/packages/5d/9a/add3e6fef267658075c5a41573c26d42d80c935cdc992384dfae435feaef/safetensors-0.5.3-cp38-abi3-manylinux_2_17_aarch64.manylinux2014_aarch64.whl", hash = "sha256:11bce6164887cd491ca75c2326a113ba934be596e22b28b1742ce27b1d076467", size = 459493 },
    { url = "https://files.pythonhosted.org/packages/df/5c/bf2cae92222513cc23b3ff85c4a1bb2811a2c3583ac0f8e8d502751de934/safetensors-0.5.3-cp38-abi3-manylinux_2_17_armv7l.manylinux2014_armv7l.whl", hash = "sha256:4a243be3590bc3301c821da7a18d87224ef35cbd3e5f5727e4e0728b8172411e", size = 472400 },
    { url = "https://files.pythonhosted.org/packages/58/11/7456afb740bd45782d0f4c8e8e1bb9e572f1bf82899fb6ace58af47b4282/safetensors-0.5.3-cp38-abi3-manylinux_2_17_ppc64le.manylinux2014_ppc64le.whl", hash = "sha256:8bd84b12b1670a6f8e50f01e28156422a2bc07fb16fc4e98bded13039d688a0d", size = 522891 },
    { url = "https://files.pythonhosted.org/packages/57/3d/fe73a9d2ace487e7285f6e157afee2383bd1ddb911b7cb44a55cf812eae3/safetensors-0.5.3-cp38-abi3-manylinux_2_17_s390x.manylinux2014_s390x.whl", hash = "sha256:391ac8cab7c829452175f871fcaf414aa1e292b5448bd02620f675a7f3e7abb9", size = 537694 },
    { url = "https://files.pythonhosted.org/packages/a6/f8/dae3421624fcc87a89d42e1898a798bc7ff72c61f38973a65d60df8f124c/safetensors-0.5.3-cp38-abi3-manylinux_2_17_x86_64.manylinux2014_x86_64.whl", hash = "sha256:cead1fa41fc54b1e61089fa57452e8834f798cb1dc7a09ba3524f1eb08e0317a", size = 471642 },
    { url = "https://files.pythonhosted.org/packages/ce/20/1fbe16f9b815f6c5a672f5b760951e20e17e43f67f231428f871909a37f6/safetensors-0.5.3-cp38-abi3-manylinux_2_5_i686.manylinux1_i686.whl", hash = "sha256:1077f3e94182d72618357b04b5ced540ceb71c8a813d3319f1aba448e68a770d", size = 502241 },
    { url = "https://files.pythonhosted.org/packages/5f/18/8e108846b506487aa4629fe4116b27db65c3dde922de2c8e0cc1133f3f29/safetensors-0.5.3-cp38-abi3-musllinux_1_2_aarch64.whl", hash = "sha256:799021e78287bac619c7b3f3606730a22da4cda27759ddf55d37c8db7511c74b", size = 638001 },
    { url = "https://files.pythonhosted.org/packages/82/5a/c116111d8291af6c8c8a8b40628fe833b9db97d8141c2a82359d14d9e078/safetensors-0.5.3-cp38-abi3-musllinux_1_2_armv7l.whl", hash = "sha256:df26da01aaac504334644e1b7642fa000bfec820e7cef83aeac4e355e03195ff", size = 734013 },
    { url = "https://files.pythonhosted.org/packages/7d/ff/41fcc4d3b7de837963622e8610d998710705bbde9a8a17221d85e5d0baad/safetensors-0.5.3-cp38-abi3-musllinux_1_2_i686.whl", hash = "sha256:32c3ef2d7af8b9f52ff685ed0bc43913cdcde135089ae322ee576de93eae5135", size = 670687 },
    { url = "https://files.pythonhosted.org/packages/40/ad/2b113098e69c985a3d8fbda4b902778eae4a35b7d5188859b4a63d30c161/safetensors-0.5.3-cp38-abi3-musllinux_1_2_x86_64.whl", hash = "sha256:37f1521be045e56fc2b54c606d4455573e717b2d887c579ee1dbba5f868ece04", size = 643147 },
    { url = "https://files.pythonhosted.org/packages/0a/0c/95aeb51d4246bd9a3242d3d8349c1112b4ee7611a4b40f0c5c93b05f001d/safetensors-0.5.3-cp38-abi3-win32.whl", hash = "sha256:cfc0ec0846dcf6763b0ed3d1846ff36008c6e7290683b61616c4b040f6a54ace", size = 296677 },
    { url = "https://files.pythonhosted.org/packages/69/e2/b011c38e5394c4c18fb5500778a55ec43ad6106126e74723ffaee246f56e/safetensors-0.5.3-cp38-abi3-win_amd64.whl", hash = "sha256:836cbbc320b47e80acd40e44c8682db0e8ad7123209f69b093def21ec7cafd11", size = 308878 },
]

[[package]]
name = "scikit-learn"
version = "1.6.1"
source = { registry = "https://pypi.org/simple" }
dependencies = [
    { name = "joblib" },
    { name = "numpy" },
    { name = "scipy" },
    { name = "threadpoolctl" },
]
sdist = { url = "https://files.pythonhosted.org/packages/9e/a5/4ae3b3a0755f7b35a280ac90b28817d1f380318973cff14075ab41ef50d9/scikit_learn-1.6.1.tar.gz", hash = "sha256:b4fc2525eca2c69a59260f583c56a7557c6ccdf8deafdba6e060f94c1c59738e", size = 7068312 }
wheels = [
    { url = "https://files.pythonhosted.org/packages/2e/3a/f4597eb41049110b21ebcbb0bcb43e4035017545daa5eedcfeb45c08b9c5/scikit_learn-1.6.1-cp310-cp310-macosx_10_9_x86_64.whl", hash = "sha256:d056391530ccd1e501056160e3c9673b4da4805eb67eb2bdf4e983e1f9c9204e", size = 12067702 },
    { url = "https://files.pythonhosted.org/packages/37/19/0423e5e1fd1c6ec5be2352ba05a537a473c1677f8188b9306097d684b327/scikit_learn-1.6.1-cp310-cp310-macosx_12_0_arm64.whl", hash = "sha256:0c8d036eb937dbb568c6242fa598d551d88fb4399c0344d95c001980ec1c7d36", size = 11112765 },
    { url = "https://files.pythonhosted.org/packages/70/95/d5cb2297a835b0f5fc9a77042b0a2d029866379091ab8b3f52cc62277808/scikit_learn-1.6.1-cp310-cp310-manylinux_2_17_aarch64.manylinux2014_aarch64.whl", hash = "sha256:8634c4bd21a2a813e0a7e3900464e6d593162a29dd35d25bdf0103b3fce60ed5", size = 12643991 },
    { url = "https://files.pythonhosted.org/packages/b7/91/ab3c697188f224d658969f678be86b0968ccc52774c8ab4a86a07be13c25/scikit_learn-1.6.1-cp310-cp310-manylinux_2_17_x86_64.manylinux2014_x86_64.whl", hash = "sha256:775da975a471c4f6f467725dff0ced5c7ac7bda5e9316b260225b48475279a1b", size = 13497182 },
    { url = "https://files.pythonhosted.org/packages/17/04/d5d556b6c88886c092cc989433b2bab62488e0f0dafe616a1d5c9cb0efb1/scikit_learn-1.6.1-cp310-cp310-win_amd64.whl", hash = "sha256:8a600c31592bd7dab31e1c61b9bbd6dea1b3433e67d264d17ce1017dbdce8002", size = 11125517 },
]

[[package]]
name = "scipy"
version = "1.15.2"
source = { registry = "https://pypi.org/simple" }
dependencies = [
    { name = "numpy" },
]
sdist = { url = "https://files.pythonhosted.org/packages/b7/b9/31ba9cd990e626574baf93fbc1ac61cf9ed54faafd04c479117517661637/scipy-1.15.2.tar.gz", hash = "sha256:cd58a314d92838f7e6f755c8a2167ead4f27e1fd5c1251fd54289569ef3495ec", size = 59417316 }
wheels = [
    { url = "https://files.pythonhosted.org/packages/95/df/ef233fff6838fe6f7840d69b5ef9f20d2b5c912a8727b21ebf876cb15d54/scipy-1.15.2-cp310-cp310-macosx_10_13_x86_64.whl", hash = "sha256:a2ec871edaa863e8213ea5df811cd600734f6400b4af272e1c011e69401218e9", size = 38692502 },
    { url = "https://files.pythonhosted.org/packages/5c/20/acdd4efb8a68b842968f7bc5611b1aeb819794508771ad104de418701422/scipy-1.15.2-cp310-cp310-macosx_12_0_arm64.whl", hash = "sha256:6f223753c6ea76983af380787611ae1291e3ceb23917393079dcc746ba60cfb5", size = 30085508 },
    { url = "https://files.pythonhosted.org/packages/42/55/39cf96ca7126f1e78ee72a6344ebdc6702fc47d037319ad93221063e6cf4/scipy-1.15.2-cp310-cp310-macosx_14_0_arm64.whl", hash = "sha256:ecf797d2d798cf7c838c6d98321061eb3e72a74710e6c40540f0e8087e3b499e", size = 22359166 },
    { url = "https://files.pythonhosted.org/packages/51/48/708d26a4ab8a1441536bf2dfcad1df0ca14a69f010fba3ccbdfc02df7185/scipy-1.15.2-cp310-cp310-macosx_14_0_x86_64.whl", hash = "sha256:9b18aa747da280664642997e65aab1dd19d0c3d17068a04b3fe34e2559196cb9", size = 25112047 },
    { url = "https://files.pythonhosted.org/packages/dd/65/f9c5755b995ad892020381b8ae11f16d18616208e388621dfacc11df6de6/scipy-1.15.2-cp310-cp310-manylinux_2_17_aarch64.manylinux2014_aarch64.whl", hash = "sha256:87994da02e73549dfecaed9e09a4f9d58a045a053865679aeb8d6d43747d4df3", size = 35536214 },
    { url = "https://files.pythonhosted.org/packages/de/3c/c96d904b9892beec978562f64d8cc43f9cca0842e65bd3cd1b7f7389b0ba/scipy-1.15.2-cp310-cp310-manylinux_2_17_x86_64.manylinux2014_x86_64.whl", hash = "sha256:69ea6e56d00977f355c0f84eba69877b6df084516c602d93a33812aa04d90a3d", size = 37646981 },
    { url = "https://files.pythonhosted.org/packages/3d/74/c2d8a24d18acdeae69ed02e132b9bc1bb67b7bee90feee1afe05a68f9d67/scipy-1.15.2-cp310-cp310-musllinux_1_2_aarch64.whl", hash = "sha256:888307125ea0c4466287191e5606a2c910963405ce9671448ff9c81c53f85f58", size = 37230048 },
    { url = "https://files.pythonhosted.org/packages/42/19/0aa4ce80eca82d487987eff0bc754f014dec10d20de2f66754fa4ea70204/scipy-1.15.2-cp310-cp310-musllinux_1_2_x86_64.whl", hash = "sha256:9412f5e408b397ff5641080ed1e798623dbe1ec0d78e72c9eca8992976fa65aa", size = 40010322 },
    { url = "https://files.pythonhosted.org/packages/d0/d2/f0683b7e992be44d1475cc144d1f1eeae63c73a14f862974b4db64af635e/scipy-1.15.2-cp310-cp310-win_amd64.whl", hash = "sha256:b5e025e903b4f166ea03b109bb241355b9c42c279ea694d8864d033727205e65", size = 41233385 },
]

[[package]]
name = "sentence-transformers"
version = "3.4.1"
source = { registry = "https://pypi.org/simple" }
dependencies = [
    { name = "huggingface-hub" },
    { name = "pillow" },
    { name = "scikit-learn" },
    { name = "scipy" },
    { name = "torch" },
    { name = "tqdm" },
    { name = "transformers" },
]
sdist = { url = "https://files.pythonhosted.org/packages/16/74/aca6f8a2b8d62b4daf8c9a0c49d2aa573381caf47dc35cbb343389229376/sentence_transformers-3.4.1.tar.gz", hash = "sha256:68daa57504ff548340e54ff117bd86c1d2f784b21e0fb2689cf3272b8937b24b", size = 223898 }
wheels = [
    { url = "https://files.pythonhosted.org/packages/05/89/7eb147a37b7f31d3c815543df539d8b8d0425e93296c875cc87719d65232/sentence_transformers-3.4.1-py3-none-any.whl", hash = "sha256:e026dc6d56801fd83f74ad29a30263f401b4b522165c19386d8bc10dcca805da", size = 275896 },
]

[[package]]
name = "sentencepiece"
version = "0.2.0"
source = { registry = "https://pypi.org/simple" }
sdist = { url = "https://files.pythonhosted.org/packages/c9/d2/b9c7ca067c26d8ff085d252c89b5f69609ca93fb85a00ede95f4857865d4/sentencepiece-0.2.0.tar.gz", hash = "sha256:a52c19171daaf2e697dc6cbe67684e0fa341b1248966f6aebb541de654d15843", size = 2632106 }
wheels = [
    { url = "https://files.pythonhosted.org/packages/f6/71/98648c3b64b23edb5403f74bcc906ad21766872a6e1ada26ea3f1eb941ab/sentencepiece-0.2.0-cp310-cp310-macosx_10_9_universal2.whl", hash = "sha256:188779e1298a1c8b8253c7d3ad729cb0a9891e5cef5e5d07ce4592c54869e227", size = 2408979 },
    { url = "https://files.pythonhosted.org/packages/77/9f/7efbaa6d4c0c718a9affbecc536b03ca62f99f421bdffb531c16030e2d2b/sentencepiece-0.2.0-cp310-cp310-macosx_10_9_x86_64.whl", hash = "sha256:bed9cf85b296fa2b76fc2547b9cbb691a523864cebaee86304c43a7b4cb1b452", size = 1238845 },
    { url = "https://files.pythonhosted.org/packages/1c/e4/c2541027a43ec6962ba9b601805d17ba3f86b38bdeae0e8ac65a2981e248/sentencepiece-0.2.0-cp310-cp310-macosx_11_0_arm64.whl", hash = "sha256:d7b67e724bead13f18db6e1d10b6bbdc454af574d70efbb36f27d90387be1ca3", size = 1181472 },
    { url = "https://files.pythonhosted.org/packages/fd/46/316c1ba6c52b97de76aff7b9da678f7afbb52136afb2987c474d95630e65/sentencepiece-0.2.0-cp310-cp310-manylinux_2_17_aarch64.manylinux2014_aarch64.whl", hash = "sha256:2fde4b08cfe237be4484c6c7c2e2c75fb862cfeab6bd5449ce4caeafd97b767a", size = 1259151 },
    { url = "https://files.pythonhosted.org/packages/aa/5a/3c48738a0835d76dd06c62b6ac48d39c923cde78dd0f587353bdcbb99851/sentencepiece-0.2.0-cp310-cp310-manylinux_2_17_i686.manylinux2014_i686.whl", hash = "sha256:4c378492056202d1c48a4979650981635fd97875a00eabb1f00c6a236b013b5e", size = 1355931 },
    { url = "https://files.pythonhosted.org/packages/a6/27/33019685023221ca8ed98e8ceb7ae5e166032686fa3662c68f1f1edf334e/sentencepiece-0.2.0-cp310-cp310-manylinux_2_17_x86_64.manylinux2014_x86_64.whl", hash = "sha256:1380ce6540a368de2ef6d7e6ba14ba8f3258df650d39ba7d833b79ee68a52040", size = 1301537 },
    { url = "https://files.pythonhosted.org/packages/ca/e4/55f97cef14293171fef5f96e96999919ab5b4d1ce95b53547ad653d7e3bf/sentencepiece-0.2.0-cp310-cp310-win32.whl", hash = "sha256:a1151d6a6dd4b43e552394aed0edfe9292820272f0194bd56c7c1660a0c06c3d", size = 936747 },
    { url = "https://files.pythonhosted.org/packages/85/f4/4ef1a6e0e9dbd8a60780a91df8b7452ada14cfaa0e17b3b8dfa42cecae18/sentencepiece-0.2.0-cp310-cp310-win_amd64.whl", hash = "sha256:d490142b0521ef22bc1085f061d922a2a6666175bb6b42e588ff95c0db6819b2", size = 991525 },
]

[[package]]
name = "sympy"
version = "1.13.1"
source = { registry = "https://download.pytorch.org/whl/cu121" }
dependencies = [
    { name = "mpmath" },
]
wheels = [
    { url = "https://download.pytorch.org/whl/sympy-1.13.1-py3-none-any.whl", hash = "sha256:db36cdc64bf61b9b24578b6f7bab1ecdd2452cf008f34faa33776680c26d66f8" },
]

[[package]]
name = "threadpoolctl"
version = "3.6.0"
source = { registry = "https://pypi.org/simple" }
sdist = { url = "https://files.pythonhosted.org/packages/b7/4d/08c89e34946fce2aec4fbb45c9016efd5f4d7f24af8e5d93296e935631d8/threadpoolctl-3.6.0.tar.gz", hash = "sha256:8ab8b4aa3491d812b623328249fab5302a68d2d71745c8a4c719a2fcaba9f44e", size = 21274 }
wheels = [
    { url = "https://files.pythonhosted.org/packages/32/d5/f9a850d79b0851d1d4ef6456097579a9005b31fea68726a4ae5f2d82ddd9/threadpoolctl-3.6.0-py3-none-any.whl", hash = "sha256:43a0b8fd5a2928500110039e43a5eed8480b918967083ea48dc3ab9f13c4a7fb", size = 18638 },
]

[[package]]
name = "tokenizers"
version = "0.21.1"
source = { registry = "https://pypi.org/simple" }
dependencies = [
    { name = "huggingface-hub" },
]
sdist = { url = "https://files.pythonhosted.org/packages/92/76/5ac0c97f1117b91b7eb7323dcd61af80d72f790b4df71249a7850c195f30/tokenizers-0.21.1.tar.gz", hash = "sha256:a1bb04dc5b448985f86ecd4b05407f5a8d97cb2c0532199b2a302a604a0165ab", size = 343256 }
wheels = [
    { url = "https://files.pythonhosted.org/packages/a5/1f/328aee25f9115bf04262e8b4e5a2050b7b7cf44b59c74e982db7270c7f30/tokenizers-0.21.1-cp39-abi3-macosx_10_12_x86_64.whl", hash = "sha256:e78e413e9e668ad790a29456e677d9d3aa50a9ad311a40905d6861ba7692cf41", size = 2780767 },
    { url = "https://files.pythonhosted.org/packages/ae/1a/4526797f3719b0287853f12c5ad563a9be09d446c44ac784cdd7c50f76ab/tokenizers-0.21.1-cp39-abi3-macosx_11_0_arm64.whl", hash = "sha256:cd51cd0a91ecc801633829fcd1fda9cf8682ed3477c6243b9a095539de4aecf3", size = 2650555 },
    { url = "https://files.pythonhosted.org/packages/4d/7a/a209b29f971a9fdc1da86f917fe4524564924db50d13f0724feed37b2a4d/tokenizers-0.21.1-cp39-abi3-manylinux_2_17_aarch64.manylinux2014_aarch64.whl", hash = "sha256:28da6b72d4fb14ee200a1bd386ff74ade8992d7f725f2bde2c495a9a98cf4d9f", size = 2937541 },
    { url = "https://files.pythonhosted.org/packages/3c/1e/b788b50ffc6191e0b1fc2b0d49df8cff16fe415302e5ceb89f619d12c5bc/tokenizers-0.21.1-cp39-abi3-manylinux_2_17_armv7l.manylinux2014_armv7l.whl", hash = "sha256:34d8cfde551c9916cb92014e040806122295a6800914bab5865deb85623931cf", size = 2819058 },
    { url = "https://files.pythonhosted.org/packages/36/aa/3626dfa09a0ecc5b57a8c58eeaeb7dd7ca9a37ad9dd681edab5acd55764c/tokenizers-0.21.1-cp39-abi3-manylinux_2_17_i686.manylinux2014_i686.whl", hash = "sha256:aaa852d23e125b73d283c98f007e06d4595732104b65402f46e8ef24b588d9f8", size = 3133278 },
    { url = "https://files.pythonhosted.org/packages/a4/4d/8fbc203838b3d26269f944a89459d94c858f5b3f9a9b6ee9728cdcf69161/tokenizers-0.21.1-cp39-abi3-manylinux_2_17_ppc64le.manylinux2014_ppc64le.whl", hash = "sha256:a21a15d5c8e603331b8a59548bbe113564136dc0f5ad8306dd5033459a226da0", size = 3144253 },
    { url = "https://files.pythonhosted.org/packages/d8/1b/2bd062adeb7c7511b847b32e356024980c0ffcf35f28947792c2d8ad2288/tokenizers-0.21.1-cp39-abi3-manylinux_2_17_s390x.manylinux2014_s390x.whl", hash = "sha256:2fdbd4c067c60a0ac7eca14b6bd18a5bebace54eb757c706b47ea93204f7a37c", size = 3398225 },
    { url = "https://files.pythonhosted.org/packages/8a/63/38be071b0c8e06840bc6046991636bcb30c27f6bb1e670f4f4bc87cf49cc/tokenizers-0.21.1-cp39-abi3-manylinux_2_17_x86_64.manylinux2014_x86_64.whl", hash = "sha256:2dd9a0061e403546f7377df940e866c3e678d7d4e9643d0461ea442b4f89e61a", size = 3038874 },
    { url = "https://files.pythonhosted.org/packages/ec/83/afa94193c09246417c23a3c75a8a0a96bf44ab5630a3015538d0c316dd4b/tokenizers-0.21.1-cp39-abi3-musllinux_1_2_aarch64.whl", hash = "sha256:db9484aeb2e200c43b915a1a0150ea885e35f357a5a8fabf7373af333dcc8dbf", size = 9014448 },
    { url = "https://files.pythonhosted.org/packages/ae/b3/0e1a37d4f84c0f014d43701c11eb8072704f6efe8d8fc2dcdb79c47d76de/tokenizers-0.21.1-cp39-abi3-musllinux_1_2_armv7l.whl", hash = "sha256:ed248ab5279e601a30a4d67bdb897ecbe955a50f1e7bb62bd99f07dd11c2f5b6", size = 8937877 },
    { url = "https://files.pythonhosted.org/packages/ac/33/ff08f50e6d615eb180a4a328c65907feb6ded0b8f990ec923969759dc379/tokenizers-0.21.1-cp39-abi3-musllinux_1_2_i686.whl", hash = "sha256:9ac78b12e541d4ce67b4dfd970e44c060a2147b9b2a21f509566d556a509c67d", size = 9186645 },
    { url = "https://files.pythonhosted.org/packages/5f/aa/8ae85f69a9f6012c6f8011c6f4aa1c96154c816e9eea2e1b758601157833/tokenizers-0.21.1-cp39-abi3-musllinux_1_2_x86_64.whl", hash = "sha256:e5a69c1a4496b81a5ee5d2c1f3f7fbdf95e90a0196101b0ee89ed9956b8a168f", size = 9384380 },
    { url = "https://files.pythonhosted.org/packages/e8/5b/a5d98c89f747455e8b7a9504910c865d5e51da55e825a7ae641fb5ff0a58/tokenizers-0.21.1-cp39-abi3-win32.whl", hash = "sha256:1039a3a5734944e09de1d48761ade94e00d0fa760c0e0551151d4dd851ba63e3", size = 2239506 },
    { url = "https://files.pythonhosted.org/packages/e6/b6/072a8e053ae600dcc2ac0da81a23548e3b523301a442a6ca900e92ac35be/tokenizers-0.21.1-cp39-abi3-win_amd64.whl", hash = "sha256:0f0dcbcc9f6e13e675a66d7a5f2f225a736745ce484c1a4e07476a89ccdad382", size = 2435481 },
]

[[package]]
name = "torch"
version = "2.5.1+cu121"
source = { registry = "https://download.pytorch.org/whl/cu121" }
dependencies = [
    { name = "filelock" },
    { name = "fsspec" },
    { name = "jinja2" },
    { name = "networkx" },
    { name = "nvidia-cublas-cu12", marker = "platform_machine == 'x86_64' and sys_platform == 'linux'" },
    { name = "nvidia-cuda-cupti-cu12", marker = "platform_machine == 'x86_64' and sys_platform == 'linux'" },
    { name = "nvidia-cuda-nvrtc-cu12", marker = "platform_machine == 'x86_64' and sys_platform == 'linux'" },
    { name = "nvidia-cuda-runtime-cu12", marker = "platform_machine == 'x86_64' and sys_platform == 'linux'" },
    { name = "nvidia-cudnn-cu12", marker = "platform_machine == 'x86_64' and sys_platform == 'linux'" },
    { name = "nvidia-cufft-cu12", marker = "platform_machine == 'x86_64' and sys_platform == 'linux'" },
    { name = "nvidia-curand-cu12", marker = "platform_machine == 'x86_64' and sys_platform == 'linux'" },
    { name = "nvidia-cusolver-cu12", marker = "platform_machine == 'x86_64' and sys_platform == 'linux'" },
    { name = "nvidia-cusparse-cu12", marker = "platform_machine == 'x86_64' and sys_platform == 'linux'" },
    { name = "nvidia-nccl-cu12", marker = "platform_machine == 'x86_64' and sys_platform == 'linux'" },
    { name = "nvidia-nvtx-cu12", marker = "platform_machine == 'x86_64' and sys_platform == 'linux'" },
    { name = "sympy" },
    { name = "triton", marker = "platform_machine == 'x86_64' and sys_platform == 'linux'" },
    { name = "typing-extensions" },
]
wheels = [
    { url = "https://download.pytorch.org/whl/cu121/torch-2.5.1%2Bcu121-cp310-cp310-linux_x86_64.whl", hash = "sha256:92af92c569de5da937dd1afb45ecfdd598ec1254cf2e49e3d698cb24d71aae14" },
    { url = "https://download.pytorch.org/whl/cu121/torch-2.5.1%2Bcu121-cp310-cp310-win_amd64.whl", hash = "sha256:9b22d6d98aa56f9317902dec0e066814a6edba1aada90110ceea2bb0678df22f" },
]

[[package]]
name = "tqdm"
version = "4.66.5"
source = { registry = "https://download.pytorch.org/whl/cu121" }
dependencies = [
    { name = "colorama", marker = "sys_platform == 'win32'" },
]
wheels = [
    { url = "https://download.pytorch.org/whl/tqdm-4.66.5-py3-none-any.whl", hash = "sha256:90279a3770753eafc9194a0364852159802111925aa30eb3f9d85b0e805ac7cd" },
]

[[package]]
name = "transformers"
version = "4.49.0"
source = { registry = "https://pypi.org/simple" }
dependencies = [
    { name = "filelock" },
    { name = "huggingface-hub" },
    { name = "numpy" },
    { name = "packaging" },
    { name = "pyyaml" },
    { name = "regex" },
    { name = "requests" },
    { name = "safetensors" },
    { name = "tokenizers" },
    { name = "tqdm" },
]
sdist = { url = "https://files.pythonhosted.org/packages/79/50/46573150944f46df8ec968eda854023165a84470b42f69f67c7d475dabc5/transformers-4.49.0.tar.gz", hash = "sha256:7e40e640b5b8dc3f48743f5f5adbdce3660c82baafbd3afdfc04143cdbd2089e", size = 8610952 }
wheels = [
    { url = "https://files.pythonhosted.org/packages/20/37/1f29af63e9c30156a3ed6ebc2754077016577c094f31de7b2631e5d379eb/transformers-4.49.0-py3-none-any.whl", hash = "sha256:6b4fded1c5fee04d384b1014495b4235a2b53c87503d7d592423c06128cbbe03", size = 9970275 },
]

[[package]]
name = "triton"
version = "3.1.0"
source = { registry = "https://download.pytorch.org/whl/cu121" }
dependencies = [
    { name = "filelock" },
]
wheels = [
    { url = "https://download.pytorch.org/whl/triton-3.1.0-cp310-cp310-manylinux_2_17_x86_64.manylinux2014_x86_64.whl", hash = "sha256:6b0dd10a925263abbe9fa37dcde67a5e9b2383fc269fdf59f5657cac38c5d1d8" },
]

[[package]]
name = "typing-extensions"
version = "4.12.2"
source = { registry = "https://download.pytorch.org/whl/cu121" }
wheels = [
    { url = "https://download.pytorch.org/whl/typing_extensions-4.12.2-py3-none-any.whl", hash = "sha256:04e5ca0351e0f3f85c6853954072df659d0d13fac324d0072316b67d7794700d" },
]

[[package]]
name = "urllib3"
version = "1.26.13"
source = { registry = "https://download.pytorch.org/whl/cu121" }
wheels = [
    { url = "https://download.pytorch.org/whl/urllib3-1.26.13-py2.py3-none-any.whl", hash = "sha256:47cc05d99aaa09c9e72ed5809b60e7ba354e64b59c9c173ac3018642d8bb41fc" },
]
